
Microsoft Visual Studio Solution File, Format Version 12.00
# Visual Studio 2012
Project("{FAE04EC0-301F-11D3-BF4B-00C04F79EFBC}") = "NightyNight", "NightyNight\NightyNight.csproj", "{1C14A4DB-0393-4D8C-8231-241830D7A9DB}"
EndProject
Global
	GlobalSection(SolutionConfigurationPlatforms) = preSolution
		Debug|Any CPU = Debug|Any CPU
		Release|Any CPU = Release|Any CPU
	EndGlobalSection
	GlobalSection(ProjectConfigurationPlatforms) = postSolution
		{1C14A4DB-0393-4D8C-8231-241830D7A9DB}.Debug|Any CPU.ActiveCfg = Debug|Any CPU
		{1C14A4DB-0393-4D8C-8231-241830D7A9DB}.Debug|Any CPU.Build.0 = Debug|Any CPU
		{1C14A4DB-0393-4D8C-8231-241830D7A9DB}.Release|Any CPU.ActiveCfg = Release|Any CPU
		{1C14A4DB-0393-4D8C-8231-241830D7A9DB}.Release|Any CPU.Build.0 = Release|Any CPU
	EndGlobalSection
	GlobalSection(SolutionProperties) = preSolution
		HideSolutionNode = FALSE
	EndGlobalSection
EndGlobal
